// !$*UTF8*$!
{
	archiveVersion = 1;
	classes = {
	};
	objectVersion = 50;
	objects = {

/* Begin PBXBuildFile section */
		A767BC242411B71F0081CF66 /* BluetoothScreen.storyboard in Resources */ = {isa = PBXBuildFile; fileRef = A767BC232411B71F0081CF66 /* BluetoothScreen.storyboard */; };
		A767BC262411B8AC0081CF66 /* BluetoothConnectViewController.swift in Sources */ = {isa = PBXBuildFile; fileRef = A767BC252411B8AC0081CF66 /* BluetoothConnectViewController.swift */; };
		A79E2B0124117043005860D9 /* AppDelegate.swift in Sources */ = {isa = PBXBuildFile; fileRef = A79E2B0024117043005860D9 /* AppDelegate.swift */; };
		A79E2B0324117043005860D9 /* SceneDelegate.swift in Sources */ = {isa = PBXBuildFile; fileRef = A79E2B0224117043005860D9 /* SceneDelegate.swift */; };
		A79E2B0524117043005860D9 /* ViewController.swift in Sources */ = {isa = PBXBuildFile; fileRef = A79E2B0424117043005860D9 /* ViewController.swift */; };
		A79E2B0824117043005860D9 /* Main.storyboard in Resources */ = {isa = PBXBuildFile; fileRef = A79E2B0624117043005860D9 /* Main.storyboard */; };
		A79E2B0A24117045005860D9 /* Assets.xcassets in Resources */ = {isa = PBXBuildFile; fileRef = A79E2B0924117045005860D9 /* Assets.xcassets */; };
		A79E2B0D24117045005860D9 /* LaunchScreen.storyboard in Resources */ = {isa = PBXBuildFile; fileRef = A79E2B0B24117045005860D9 /* LaunchScreen.storyboard */; };
		A79E2B1824117046005860D9 /* GeloouTests.swift in Sources */ = {isa = PBXBuildFile; fileRef = A79E2B1724117046005860D9 /* GeloouTests.swift */; };
		A79E2B2324118B48005860D9 /* CircularProgressView.swift in Sources */ = {isa = PBXBuildFile; fileRef = A79E2B2224118B48005860D9 /* CircularProgressView.swift */; };
/* End PBXBuildFile section */

/* Begin PBXContainerItemProxy section */
		A79E2B1424117046005860D9 /* PBXContainerItemProxy */ = {
			isa = PBXContainerItemProxy;
			containerPortal = A79E2AF524117043005860D9 /* Project object */;
			proxyType = 1;
			remoteGlobalIDString = A79E2AFC24117043005860D9;
			remoteInfo = Geloou;
		};
/* End PBXContainerItemProxy section */

/* Begin PBXFileReference section */
		A767BC232411B71F0081CF66 /* BluetoothScreen.storyboard */ = {isa = PBXFileReference; lastKnownFileType = file.storyboard; path = BluetoothScreen.storyboard; sourceTree = "<group>"; };
		A767BC252411B8AC0081CF66 /* BluetoothConnectViewController.swift */ = {isa = PBXFileReference; lastKnownFileType = sourcecode.swift; path = BluetoothConnectViewController.swift; sourceTree = "<group>"; };
		A79E2AFD24117043005860D9 /* Geloou.app */ = {isa = PBXFileReference; explicitFileType = wrapper.application; includeInIndex = 0; path = Geloou.app; sourceTree = BUILT_PRODUCTS_DIR; };
		A79E2B0024117043005860D9 /* AppDelegate.swift */ = {isa = PBXFileReference; lastKnownFileType = sourcecode.swift; path = AppDelegate.swift; sourceTree = "<group>"; };
		A79E2B0224117043005860D9 /* SceneDelegate.swift */ = {isa = PBXFileReference; lastKnownFileType = sourcecode.swift; path = SceneDelegate.swift; sourceTree = "<group>"; };
		A79E2B0424117043005860D9 /* ViewController.swift */ = {isa = PBXFileReference; lastKnownFileType = sourcecode.swift; path = ViewController.swift; sourceTree = "<group>"; };
		A79E2B0724117043005860D9 /* Base */ = {isa = PBXFileReference; lastKnownFileType = file.storyboard; name = Base; path = Base.lproj/Main.storyboard; sourceTree = "<group>"; };
		A79E2B0924117045005860D9 /* Assets.xcassets */ = {isa = PBXFileReference; lastKnownFileType = folder.assetcatalog; path = Assets.xcassets; sourceTree = "<group>"; };
		A79E2B0C24117045005860D9 /* Base */ = {isa = PBXFileReference; lastKnownFileType = file.storyboard; name = Base; path = Base.lproj/LaunchScreen.storyboard; sourceTree = "<group>"; };
		A79E2B0E24117045005860D9 /* Info.plist */ = {isa = PBXFileReference; lastKnownFileType = text.plist.xml; path = Info.plist; sourceTree = "<group>"; };
		A79E2B1324117046005860D9 /* GeloouTests.xctest */ = {isa = PBXFileReference; explicitFileType = wrapper.cfbundle; includeInIndex = 0; path = GeloouTests.xctest; sourceTree = BUILT_PRODUCTS_DIR; };
		A79E2B1724117046005860D9 /* GeloouTests.swift */ = {isa = PBXFileReference; lastKnownFileType = sourcecode.swift; path = GeloouTests.swift; sourceTree = "<group>"; };
		A79E2B1924117046005860D9 /* Info.plist */ = {isa = PBXFileReference; lastKnownFileType = text.plist.xml; path = Info.plist; sourceTree = "<group>"; };
		A79E2B2224118B48005860D9 /* CircularProgressView.swift */ = {isa = PBXFileReference; lastKnownFileType = sourcecode.swift; path = CircularProgressView.swift; sourceTree = "<group>"; };
/* End PBXFileReference section */

/* Begin PBXFrameworksBuildPhase section */
		A79E2AFA24117043005860D9 /* Frameworks */ = {
			isa = PBXFrameworksBuildPhase;
			buildActionMask = 2147483647;
			files = (
			);
			runOnlyForDeploymentPostprocessing = 0;
		};
		A79E2B1024117046005860D9 /* Frameworks */ = {
			isa = PBXFrameworksBuildPhase;
			buildActionMask = 2147483647;
			files = (
			);
			runOnlyForDeploymentPostprocessing = 0;
		};
/* End PBXFrameworksBuildPhase section */

/* Begin PBXGroup section */
		A79E2AF424117043005860D9 = {
			isa = PBXGroup;
			children = (
				A79E2AFF24117043005860D9 /* Geloou */,
				A79E2B1624117046005860D9 /* GeloouTests */,
				A79E2AFE24117043005860D9 /* Products */,
			);
			sourceTree = "<group>";
		};
		A79E2AFE24117043005860D9 /* Products */ = {
			isa = PBXGroup;
			children = (
				A79E2AFD24117043005860D9 /* Geloou.app */,
				A79E2B1324117046005860D9 /* GeloouTests.xctest */,
			);
			name = Products;
			sourceTree = "<group>";
		};
		A79E2AFF24117043005860D9 /* Geloou */ = {
			isa = PBXGroup;
			children = (
				A79E2B0024117043005860D9 /* AppDelegate.swift */,
				A79E2B0224117043005860D9 /* SceneDelegate.swift */,
				A79E2B0424117043005860D9 /* ViewController.swift */,
				A79E2B0624117043005860D9 /* Main.storyboard */,
				A79E2B0924117045005860D9 /* Assets.xcassets */,
				A79E2B0B24117045005860D9 /* LaunchScreen.storyboard */,
				A79E2B0E24117045005860D9 /* Info.plist */,
				A79E2B2224118B48005860D9 /* CircularProgressView.swift */,
				A767BC232411B71F0081CF66 /* BluetoothScreen.storyboard */,
				A767BC252411B8AC0081CF66 /* BluetoothConnectViewController.swift */,
			);
			path = Geloou;
			sourceTree = "<group>";
		};
		A79E2B1624117046005860D9 /* GeloouTests */ = {
			isa = PBXGroup;
			children = (
				A79E2B1724117046005860D9 /* GeloouTests.swift */,
				A79E2B1924117046005860D9 /* Info.plist */,
			);
			path = GeloouTests;
			sourceTree = "<group>";
		};
/* End PBXGroup section */

/* Begin PBXNativeTarget section */
		A79E2AFC24117043005860D9 /* Geloou */ = {
			isa = PBXNativeTarget;
			buildConfigurationList = A79E2B1C24117046005860D9 /* Build configuration list for PBXNativeTarget "Geloou" */;
			buildPhases = (
				A79E2AF924117043005860D9 /* Sources */,
				A79E2AFA24117043005860D9 /* Frameworks */,
				A79E2AFB24117043005860D9 /* Resources */,
			);
			buildRules = (
			);
			dependencies = (
			);
			name = Geloou;
			productName = Geloou;
			productReference = A79E2AFD24117043005860D9 /* Geloou.app */;
			productType = "com.apple.product-type.application";
		};
		A79E2B1224117046005860D9 /* GeloouTests */ = {
			isa = PBXNativeTarget;
			buildConfigurationList = A79E2B1F24117046005860D9 /* Build configuration list for PBXNativeTarget "GeloouTests" */;
			buildPhases = (
				A79E2B0F24117046005860D9 /* Sources */,
				A79E2B1024117046005860D9 /* Frameworks */,
				A79E2B1124117046005860D9 /* Resources */,
			);
			buildRules = (
			);
			dependencies = (
				A79E2B1524117046005860D9 /* PBXTargetDependency */,
			);
			name = GeloouTests;
			productName = GeloouTests;
			productReference = A79E2B1324117046005860D9 /* GeloouTests.xctest */;
			productType = "com.apple.product-type.bundle.unit-test";
		};
/* End PBXNativeTarget section */

/* Begin PBXProject section */
		A79E2AF524117043005860D9 /* Project object */ = {
			isa = PBXProject;
			attributes = {
				LastSwiftUpdateCheck = 1120;
				LastUpgradeCheck = 1120;
				ORGANIZATIONNAME = Academy;
				TargetAttributes = {
					A79E2AFC24117043005860D9 = {
						CreatedOnToolsVersion = 11.2.1;
					};
					A79E2B1224117046005860D9 = {
						CreatedOnToolsVersion = 11.2.1;
						TestTargetID = A79E2AFC24117043005860D9;
					};
				};
			};
			buildConfigurationList = A79E2AF824117043005860D9 /* Build configuration list for PBXProject "Geloou" */;
			compatibilityVersion = "Xcode 9.3";
			developmentRegion = en;
			hasScannedForEncodings = 0;
			knownRegions = (
				en,
				Base,
			);
			mainGroup = A79E2AF424117043005860D9;
			productRefGroup = A79E2AFE24117043005860D9 /* Products */;
			projectDirPath = "";
			projectRoot = "";
			targets = (
				A79E2AFC24117043005860D9 /* Geloou */,
				A79E2B1224117046005860D9 /* GeloouTests */,
			);
		};
/* End PBXProject section */

/* Begin PBXResourcesBuildPhase section */
		A79E2AFB24117043005860D9 /* Resources */ = {
			isa = PBXResourcesBuildPhase;
			buildActionMask = 2147483647;
			files = (
				A79E2B0D24117045005860D9 /* LaunchScreen.storyboard in Resources */,
				A79E2B0A24117045005860D9 /* Assets.xcassets in Resources */,
				A79E2B0824117043005860D9 /* Main.storyboard in Resources */,
				A767BC242411B71F0081CF66 /* BluetoothScreen.storyboard in Resources */,
			);
			runOnlyForDeploymentPostprocessing = 0;
		};
		A79E2B1124117046005860D9 /* Resources */ = {
			isa = PBXResourcesBuildPhase;
			buildActionMask = 2147483647;
			files = (
			);
			runOnlyForDeploymentPostprocessing = 0;
		};
/* End PBXResourcesBuildPhase section */

/* Begin PBXSourcesBuildPhase section */
		A79E2AF924117043005860D9 /* Sources */ = {
			isa = PBXSourcesBuildPhase;
			buildActionMask = 2147483647;
			files = (
				A767BC262411B8AC0081CF66 /* BluetoothConnectViewController.swift in Sources */,
				A79E2B0524117043005860D9 /* ViewController.swift in Sources */,
				A79E2B0124117043005860D9 /* AppDelegate.swift in Sources */,
				A79E2B2324118B48005860D9 /* CircularProgressView.swift in Sources */,
				A79E2B0324117043005860D9 /* SceneDelegate.swift in Sources */,
			);
			runOnlyForDeploymentPostprocessing = 0;
		};
		A79E2B0F24117046005860D9 /* Sources */ = {
			isa = PBXSourcesBuildPhase;
			buildActionMask = 2147483647;
			files = (
				A79E2B1824117046005860D9 /* GeloouTests.swift in Sources */,
			);
			runOnlyForDeploymentPostprocessing = 0;
		};
/* End PBXSourcesBuildPhase section */

/* Begin PBXTargetDependency section */
		A79E2B1524117046005860D9 /* PBXTargetDependency */ = {
			isa = PBXTargetDependency;
			target = A79E2AFC24117043005860D9 /* Geloou */;
			targetProxy = A79E2B1424117046005860D9 /* PBXContainerItemProxy */;
		};
/* End PBXTargetDependency section */

/* Begin PBXVariantGroup section */
		A79E2B0624117043005860D9 /* Main.storyboard */ = {
			isa = PBXVariantGroup;
			children = (
				A79E2B0724117043005860D9 /* Base */,
			);
			name = Main.storyboard;
			sourceTree = "<group>";
		};
		A79E2B0B24117045005860D9 /* LaunchScreen.storyboard */ = {
			isa = PBXVariantGroup;
			children = (
				A79E2B0C24117045005860D9 /* Base */,
			);
			name = LaunchScreen.storyboard;
			sourceTree = "<group>";
		};
/* End PBXVariantGroup section */

/* Begin XCBuildConfiguration section */
		A79E2B1A24117046005860D9 /* Debug */ = {
			isa = XCBuildConfiguration;
			buildSettings = {
				ALWAYS_SEARCH_USER_PATHS = NO;
				CLANG_ANALYZER_NONNULL = YES;
				CLANG_ANALYZER_NUMBER_OBJECT_CONVERSION = YES_AGGRESSIVE;
				CLANG_CXX_LANGUAGE_STANDARD = "gnu++14";
				CLANG_CXX_LIBRARY = "libc++";
				CLANG_ENABLE_MODULES = YES;
				CLANG_ENABLE_OBJC_ARC = YES;
				CLANG_ENABLE_OBJC_WEAK = YES;
				CLANG_WARN_BLOCK_CAPTURE_AUTORELEASING = YES;
				CLANG_WARN_BOOL_CONVERSION = YES;
				CLANG_WARN_COMMA = YES;
				CLANG_WARN_CONSTANT_CONVERSION = YES;
				CLANG_WARN_DEPRECATED_OBJC_IMPLEMENTATIONS = YES;
				CLANG_WARN_DIRECT_OBJC_ISA_USAGE = YES_ERROR;
				CLANG_WARN_DOCUMENTATION_COMMENTS = YES;
				CLANG_WARN_EMPTY_BODY = YES;
				CLANG_WARN_ENUM_CONVERSION = YES;
				CLANG_WARN_INFINITE_RECURSION = YES;
				CLANG_WARN_INT_CONVERSION = YES;
				CLANG_WARN_NON_LITERAL_NULL_CONVERSION = YES;
				CLANG_WARN_OBJC_IMPLICIT_RETAIN_SELF = YES;
				CLANG_WARN_OBJC_LITERAL_CONVERSION = YES;
				CLANG_WARN_OBJC_ROOT_CLASS = YES_ERROR;
				CLANG_WARN_RANGE_LOOP_ANALYSIS = YES;
				CLANG_WARN_STRICT_PROTOTYPES = YES;
				CLANG_WARN_SUSPICIOUS_MOVE = YES;
				CLANG_WARN_UNGUARDED_AVAILABILITY = YES_AGGRESSIVE;
				CLANG_WARN_UNREACHABLE_CODE = YES;
				CLANG_WARN__DUPLICATE_METHOD_MATCH = YES;
				COPY_PHASE_STRIP = NO;
				DEBUG_INFORMATION_FORMAT = dwarf;
				ENABLE_STRICT_OBJC_MSGSEND = YES;
				ENABLE_TESTABILITY = YES;
				GCC_C_LANGUAGE_STANDARD = gnu11;
				GCC_DYNAMIC_NO_PIC = NO;
				GCC_NO_COMMON_BLOCKS = YES;
				GCC_OPTIMIZATION_LEVEL = 0;
				GCC_PREPROCESSOR_DEFINITIONS = (
					"DEBUG=1",
					"$(inherited)",
				);
				GCC_WARN_64_TO_32_BIT_CONVERSION = YES;
				GCC_WARN_ABOUT_RETURN_TYPE = YES_ERROR;
				GCC_WARN_UNDECLARED_SELECTOR = YES;
				GCC_WARN_UNINITIALIZED_AUTOS = YES_AGGRESSIVE;
				GCC_WARN_UNUSED_FUNCTION = YES;
				GCC_WARN_UNUSED_VARIABLE = YES;
				IPHONEOS_DEPLOYMENT_TARGET = 13.2;
				MTL_ENABLE_DEBUG_INFO = INCLUDE_SOURCE;
				MTL_FAST_MATH = YES;
				ONLY_ACTIVE_ARCH = YES;
				SDKROOT = iphoneos;
				SWIFT_ACTIVE_COMPILATION_CONDITIONS = DEBUG;
				SWIFT_OPTIMIZATION_LEVEL = "-Onone";
			};
			name = Debug;
		};
		A79E2B1B24117046005860D9 /* Release */ = {
			isa = XCBuildConfiguration;
			buildSettings = {
				ALWAYS_SEARCH_USER_PATHS = NO;
				CLANG_ANALYZER_NONNULL = YES;
				CLANG_ANALYZER_NUMBER_OBJECT_CONVERSION = YES_AGGRESSIVE;
				CLANG_CXX_LANGUAGE_STANDARD = "gnu++14";
				CLANG_CXX_LIBRARY = "libc++";
				CLANG_ENABLE_MODULES = YES;
				CLANG_ENABLE_OBJC_ARC = YES;
				CLANG_ENABLE_OBJC_WEAK = YES;
				CLANG_WARN_BLOCK_CAPTURE_AUTORELEASING = YES;
				CLANG_WARN_BOOL_CONVERSION = YES;
				CLANG_WARN_COMMA = YES;
				CLANG_WARN_CONSTANT_CONVERSION = YES;
				CLANG_WARN_DEPRECATED_OBJC_IMPLEMENTATIONS = YES;
				CLANG_WARN_DIRECT_OBJC_ISA_USAGE = YES_ERROR;
				CLANG_WARN_DOCUMENTATION_COMMENTS = YES;
				CLANG_WARN_EMPTY_BODY = YES;
				CLANG_WARN_ENUM_CONVERSION = YES;
				CLANG_WARN_INFINITE_RECURSION = YES;
				CLANG_WARN_INT_CONVERSION = YES;
				CLANG_WARN_NON_LITERAL_NULL_CONVERSION = YES;
				CLANG_WARN_OBJC_IMPLICIT_RETAIN_SELF = YES;
				CLANG_WARN_OBJC_LITERAL_CONVERSION = YES;
				CLANG_WARN_OBJC_ROOT_CLASS = YES_ERROR;
				CLANG_WARN_RANGE_LOOP_ANALYSIS = YES;
				CLANG_WARN_STRICT_PROTOTYPES = YES;
				CLANG_WARN_SUSPICIOUS_MOVE = YES;
				CLANG_WARN_UNGUARDED_AVAILABILITY = YES_AGGRESSIVE;
				CLANG_WARN_UNREACHABLE_CODE = YES;
				CLANG_WARN__DUPLICATE_METHOD_MATCH = YES;
				COPY_PHASE_STRIP = NO;
				DEBUG_INFORMATION_FORMAT = "dwarf-with-dsym";
				ENABLE_NS_ASSERTIONS = NO;
				ENABLE_STRICT_OBJC_MSGSEND = YES;
				GCC_C_LANGUAGE_STANDARD = gnu11;
				GCC_NO_COMMON_BLOCKS = YES;
				GCC_WARN_64_TO_32_BIT_CONVERSION = YES;
				GCC_WARN_ABOUT_RETURN_TYPE = YES_ERROR;
				GCC_WARN_UNDECLARED_SELECTOR = YES;
				GCC_WARN_UNINITIALIZED_AUTOS = YES_AGGRESSIVE;
				GCC_WARN_UNUSED_FUNCTION = YES;
				GCC_WARN_UNUSED_VARIABLE = YES;
				IPHONEOS_DEPLOYMENT_TARGET = 13.2;
				MTL_ENABLE_DEBUG_INFO = NO;
				MTL_FAST_MATH = YES;
				SDKROOT = iphoneos;
				SWIFT_COMPILATION_MODE = wholemodule;
				SWIFT_OPTIMIZATION_LEVEL = "-O";
				VALIDATE_PRODUCT = YES;
			};
			name = Release;
		};
		A79E2B1D24117046005860D9 /* Debug */ = {
			isa = XCBuildConfiguration;
			buildSettings = {
				ASSETCATALOG_COMPILER_APPICON_NAME = AppIcon;
				CODE_SIGN_STYLE = Automatic;
				DEVELOPMENT_TEAM = F229TZ6SP5;
				INFOPLIST_FILE = Geloou/Info.plist;
				LD_RUNPATH_SEARCH_PATHS = (
					"$(inherited)",
					"@executable_path/Frameworks",
				);
				PRODUCT_BUNDLE_IDENTIFIER = academy.Geloou;
				PRODUCT_NAME = "$(TARGET_NAME)";
				SWIFT_VERSION = 5.0;
				TARGETED_DEVICE_FAMILY = "1,2";
			};
			name = Debug;
		};
		A79E2B1E24117046005860D9 /* Release */ = {
			isa = XCBuildConfiguration;
			buildSettings = {
				ASSETCATALOG_COMPILER_APPICON_NAME = AppIcon;
				CODE_SIGN_STYLE = Automatic;
				DEVELOPMENT_TEAM = F229TZ6SP5;
				INFOPLIST_FILE = Geloou/Info.plist;
				LD_RUNPATH_SEARCH_PATHS = (
					"$(inherited)",
					"@executable_path/Frameworks",
				);
				PRODUCT_BUNDLE_IDENTIFIER = academy.Geloou;
				PRODUCT_NAME = "$(TARGET_NAME)";
				SWIFT_VERSION = 5.0;
				TARGETED_DEVICE_FAMILY = "1,2";
			};
			name = Release;
		};
		A79E2B2024117046005860D9 /* Debug */ = {
			isa = XCBuildConfiguration;
			buildSettings = {
				ALWAYS_EMBED_SWIFT_STANDARD_LIBRARIES = YES;
				BUNDLE_LOADER = "$(TEST_HOST)";
				CODE_SIGN_STYLE = Automatic;
				DEVELOPMENT_TEAM = F229TZ6SP5;
				INFOPLIST_FILE = GeloouTests/Info.plist;
				IPHONEOS_DEPLOYMENT_TARGET = 13.2;
				LD_RUNPATH_SEARCH_PATHS = (
					"$(inherited)",
					"@executable_path/Frameworks",
					"@loader_path/Frameworks",
				);
				PRODUCT_BUNDLE_IDENTIFIER = academy.GeloouTests;
				PRODUCT_NAME = "$(TARGET_NAME)";
				SWIFT_VERSION = 5.0;
				TARGETED_DEVICE_FAMILY = "1,2";
				TEST_HOST = "$(BUILT_PRODUCTS_DIR)/Geloou.app/Geloou";
			};
			name = Debug;
		};
		A79E2B2124117046005860D9 /* Release */ = {
			isa = XCBuildConfiguration;
			buildSettings = {
				ALWAYS_EMBED_SWIFT_STANDARD_LIBRARIES = YES;
				BUNDLE_LOADER = "$(TEST_HOST)";
				CODE_SIGN_STYLE = Automatic;
				DEVELOPMENT_TEAM = F229TZ6SP5;
				INFOPLIST_FILE = GeloouTests/Info.plist;
				IPHONEOS_DEPLOYMENT_TARGET = 13.2;
				LD_RUNPATH_SEARCH_PATHS = (
					"$(inherited)",
					"@executable_path/Frameworks",
					"@loader_path/Frameworks",
				);
				PRODUCT_BUNDLE_IDENTIFIER = academy.GeloouTests;
				PRODUCT_NAME = "$(TARGET_NAME)";
				SWIFT_VERSION = 5.0;
				TARGETED_DEVICE_FAMILY = "1,2";
				TEST_HOST = "$(BUILT_PRODUCTS_DIR)/Geloou.app/Geloou";
			};
			name = Release;
		};
/* End XCBuildConfiguration section */

/* Begin XCConfigurationList section */
		A79E2AF824117043005860D9 /* Build configuration list for PBXProject "Geloou" */ = {
			isa = XCConfigurationList;
			buildConfigurations = (
				A79E2B1A24117046005860D9 /* Debug */,
				A79E2B1B24117046005860D9 /* Release */,
			);
			defaultConfigurationIsVisible = 0;
			defaultConfigurationName = Release;
		};
		A79E2B1C24117046005860D9 /* Build configuration list for PBXNativeTarget "Geloou" */ = {
			isa = XCConfigurationList;
			buildConfigurations = (
				A79E2B1D24117046005860D9 /* Debug */,
				A79E2B1E24117046005860D9 /* Release */,
			);
			defaultConfigurationIsVisible = 0;
			defaultConfigurationName = Release;
		};
		A79E2B1F24117046005860D9 /* Build configuration list for PBXNativeTarget "GeloouTests" */ = {
			isa = XCConfigurationList;
			buildConfigurations = (
				A79E2B2024117046005860D9 /* Debug */,
				A79E2B2124117046005860D9 /* Release */,
			);
			defaultConfigurationIsVisible = 0;
			defaultConfigurationName = Release;
		};
/* End XCConfigurationList section */
	};
	rootObject = A79E2AF524117043005860D9 /* Project object */;
}
