// !$*UTF8*$!
{
	archiveVersion = 1;
	classes = {
	};
	objectVersion = 50;
	objects = {

/* Begin PBXBuildFile section */
		1C38E34D2418175F00B02DEF /* DrinksListCell.swift in Sources */ = {isa = PBXBuildFile; fileRef = 1C38E34C2418175F00B02DEF /* DrinksListCell.swift */; };
		260525222412C96600B9AE0A /* DrinkListViewController.swift in Sources */ = {isa = PBXBuildFile; fileRef = 260525212412C96600B9AE0A /* DrinkListViewController.swift */; };
		A767BC242411B71F0081CF66 /* BluetoothScreen.storyboard in Resources */ = {isa = PBXBuildFile; fileRef = A767BC232411B71F0081CF66 /* BluetoothScreen.storyboard */; };
		A767BC262411B8AC0081CF66 /* BluetoothConnectViewController.swift in Sources */ = {isa = PBXBuildFile; fileRef = A767BC252411B8AC0081CF66 /* BluetoothConnectViewController.swift */; };
		A79E2B0124117043005860D9 /* AppDelegate.swift in Sources */ = {isa = PBXBuildFile; fileRef = A79E2B0024117043005860D9 /* AppDelegate.swift */; };
		A79E2B0324117043005860D9 /* SceneDelegate.swift in Sources */ = {isa = PBXBuildFile; fileRef = A79E2B0224117043005860D9 /* SceneDelegate.swift */; };
		A79E2B0524117043005860D9 /* ViewController.swift in Sources */ = {isa = PBXBuildFile; fileRef = A79E2B0424117043005860D9 /* ViewController.swift */; };
		A79E2B0824117043005860D9 /* Main.storyboard in Resources */ = {isa = PBXBuildFile; fileRef = A79E2B0624117043005860D9 /* Main.storyboard */; };
		A79E2B0A24117045005860D9 /* Assets.xcassets in Resources */ = {isa = PBXBuildFile; fileRef = A79E2B0924117045005860D9 /* Assets.xcassets */; };
		A79E2B0D24117045005860D9 /* LaunchScreen.storyboard in Resources */ = {isa = PBXBuildFile; fileRef = A79E2B0B24117045005860D9 /* LaunchScreen.storyboard */; };
		A79E2B1824117046005860D9 /* GeloouTests.swift in Sources */ = {isa = PBXBuildFile; fileRef = A79E2B1724117046005860D9 /* GeloouTests.swift */; };
		AA0D14202412CF7B007D071E /* InfoView.swift in Sources */ = {isa = PBXBuildFile; fileRef = AA0D141F2412CF7B007D071E /* InfoView.swift */; };
		AA0D14222412D506007D071E /* InfoController.swift in Sources */ = {isa = PBXBuildFile; fileRef = AA0D14212412D506007D071E /* InfoController.swift */; };
		AA76B7372411823D000724B9 /* Interface.storyboard in Resources */ = {isa = PBXBuildFile; fileRef = AA76B7352411823D000724B9 /* Interface.storyboard */; };
		AA76B7392411823E000724B9 /* Assets.xcassets in Resources */ = {isa = PBXBuildFile; fileRef = AA76B7382411823E000724B9 /* Assets.xcassets */; };
		AA76B7402411823E000724B9 /* GeloouWatch Extension.appex in Embed App Extensions */ = {isa = PBXBuildFile; fileRef = AA76B73F2411823E000724B9 /* GeloouWatch Extension.appex */; settings = {ATTRIBUTES = (RemoveHeadersOnCopy, ); }; };
		AA76B7452411823E000724B9 /* RingView.swift in Sources */ = {isa = PBXBuildFile; fileRef = AA76B7442411823E000724B9 /* RingView.swift */; };
		AA76B7472411823E000724B9 /* HostingController.swift in Sources */ = {isa = PBXBuildFile; fileRef = AA76B7462411823E000724B9 /* HostingController.swift */; };
		AA76B7492411823E000724B9 /* ExtensionDelegate.swift in Sources */ = {isa = PBXBuildFile; fileRef = AA76B7482411823E000724B9 /* ExtensionDelegate.swift */; };
		AA76B74B2411823E000724B9 /* NotificationController.swift in Sources */ = {isa = PBXBuildFile; fileRef = AA76B74A2411823E000724B9 /* NotificationController.swift */; };
		AA76B74D2411823E000724B9 /* NotificationView.swift in Sources */ = {isa = PBXBuildFile; fileRef = AA76B74C2411823E000724B9 /* NotificationView.swift */; };
		AA76B74F2411823E000724B9 /* ComplicationController.swift in Sources */ = {isa = PBXBuildFile; fileRef = AA76B74E2411823E000724B9 /* ComplicationController.swift */; };
		AA76B7512411823F000724B9 /* Assets.xcassets in Resources */ = {isa = PBXBuildFile; fileRef = AA76B7502411823F000724B9 /* Assets.xcassets */; };
		AA76B7542411823F000724B9 /* Preview Assets.xcassets in Resources */ = {isa = PBXBuildFile; fileRef = AA76B7532411823F000724B9 /* Preview Assets.xcassets */; };
		AA76B7592411823F000724B9 /* GeloouWatch.app in Embed Watch Content */ = {isa = PBXBuildFile; fileRef = AA76B7332411823D000724B9 /* GeloouWatch.app */; settings = {ATTRIBUTES = (RemoveHeadersOnCopy, ); }; };
		AA76B7632411EFD8000724B9 /* RingShape.swift in Sources */ = {isa = PBXBuildFile; fileRef = AA76B7622411EFD8000724B9 /* RingShape.swift */; };
		AAF377992416CCF60092E989 /* Model.swift in Sources */ = {isa = PBXBuildFile; fileRef = AAF377982416CCF60092E989 /* Model.swift */; };
		A79E2B2324118B48005860D9 /* CircularProgressView.swift in Sources */ = {isa = PBXBuildFile; fileRef = A79E2B2224118B48005860D9 /* CircularProgressView.swift */; };
		AB0B3B5224117B0100B2168B /* Temperature.storyboard in Resources */ = {isa = PBXBuildFile; fileRef = AB0B3B5124117B0100B2168B /* Temperature.storyboard */; };
		AB0B3B5424117B2000B2168B /* TemperatureViewViewController.swift in Sources */ = {isa = PBXBuildFile; fileRef = AB0B3B5324117B2000B2168B /* TemperatureViewViewController.swift */; };
		ABBE4A022417FE8B009431DA /* ArduinoCommunicator.swift in Sources */ = {isa = PBXBuildFile; fileRef = ABBE4A012417FE8B009431DA /* ArduinoCommunicator.swift */; };
		CF79182424168E820021F2A1 /* DrinksList.storyboard in Resources */ = {isa = PBXBuildFile; fileRef = CF79182324168E820021F2A1 /* DrinksList.storyboard */; };
		CF79182624168E940021F2A1 /* DrinksListViewController.swift in Sources */ = {isa = PBXBuildFile; fileRef = CF79182524168E940021F2A1 /* DrinksListViewController.swift */; };
		CF79182A2416C6DC0021F2A1 /* DrinkTypeViewController.swift in Sources */ = {isa = PBXBuildFile; fileRef = CF7918292416C6DC0021F2A1 /* DrinkTypeViewController.swift */; };
/* End PBXBuildFile section */

/* Begin PBXContainerItemProxy section */
		A79E2B1424117046005860D9 /* PBXContainerItemProxy */ = {
			isa = PBXContainerItemProxy;
			containerPortal = A79E2AF524117043005860D9 /* Project object */;
			proxyType = 1;
			remoteGlobalIDString = A79E2AFC24117043005860D9;
			remoteInfo = Geloou;
		};
		AA76B7412411823E000724B9 /* PBXContainerItemProxy */ = {
			isa = PBXContainerItemProxy;
			containerPortal = A79E2AF524117043005860D9 /* Project object */;
			proxyType = 1;
			remoteGlobalIDString = AA76B73E2411823E000724B9;
			remoteInfo = "GeloouWatch Extension";
		};
		AA76B7572411823F000724B9 /* PBXContainerItemProxy */ = {
			isa = PBXContainerItemProxy;
			containerPortal = A79E2AF524117043005860D9 /* Project object */;
			proxyType = 1;
			remoteGlobalIDString = AA76B7322411823D000724B9;
			remoteInfo = GeloouWatch;
		};
/* End PBXContainerItemProxy section */

/* Begin PBXCopyFilesBuildPhase section */
		AA76B75D2411823F000724B9 /* Embed App Extensions */ = {
			isa = PBXCopyFilesBuildPhase;
			buildActionMask = 2147483647;
			dstPath = "";
			dstSubfolderSpec = 13;
			files = (
				AA76B7402411823E000724B9 /* GeloouWatch Extension.appex in Embed App Extensions */,
			);
			name = "Embed App Extensions";
			runOnlyForDeploymentPostprocessing = 0;
		};
		AA76B7612411823F000724B9 /* Embed Watch Content */ = {
			isa = PBXCopyFilesBuildPhase;
			buildActionMask = 2147483647;
			dstPath = "$(CONTENTS_FOLDER_PATH)/Watch";
			dstSubfolderSpec = 16;
			files = (
				AA76B7592411823F000724B9 /* GeloouWatch.app in Embed Watch Content */,
			);
			name = "Embed Watch Content";
			runOnlyForDeploymentPostprocessing = 0;
		};
/* End PBXCopyFilesBuildPhase section */

/* Begin PBXFileReference section */
		1C38E34C2418175F00B02DEF /* DrinksListCell.swift */ = {isa = PBXFileReference; lastKnownFileType = sourcecode.swift; path = DrinksListCell.swift; sourceTree = "<group>"; };
		260525212412C96600B9AE0A /* DrinkListViewController.swift */ = {isa = PBXFileReference; lastKnownFileType = sourcecode.swift; path = DrinkListViewController.swift; sourceTree = "<group>"; };
		A767BC232411B71F0081CF66 /* BluetoothScreen.storyboard */ = {isa = PBXFileReference; lastKnownFileType = file.storyboard; path = BluetoothScreen.storyboard; sourceTree = "<group>"; };
		A767BC252411B8AC0081CF66 /* BluetoothConnectViewController.swift */ = {isa = PBXFileReference; lastKnownFileType = sourcecode.swift; path = BluetoothConnectViewController.swift; sourceTree = "<group>"; };
		A79E2AFD24117043005860D9 /* Geloou.app */ = {isa = PBXFileReference; explicitFileType = wrapper.application; includeInIndex = 0; path = Geloou.app; sourceTree = BUILT_PRODUCTS_DIR; };
		A79E2B0024117043005860D9 /* AppDelegate.swift */ = {isa = PBXFileReference; lastKnownFileType = sourcecode.swift; path = AppDelegate.swift; sourceTree = "<group>"; };
		A79E2B0224117043005860D9 /* SceneDelegate.swift */ = {isa = PBXFileReference; lastKnownFileType = sourcecode.swift; path = SceneDelegate.swift; sourceTree = "<group>"; };
		A79E2B0424117043005860D9 /* ViewController.swift */ = {isa = PBXFileReference; lastKnownFileType = sourcecode.swift; path = ViewController.swift; sourceTree = "<group>"; };
		A79E2B0724117043005860D9 /* Base */ = {isa = PBXFileReference; lastKnownFileType = file.storyboard; name = Base; path = Base.lproj/Main.storyboard; sourceTree = "<group>"; };
		A79E2B0924117045005860D9 /* Assets.xcassets */ = {isa = PBXFileReference; lastKnownFileType = folder.assetcatalog; path = Assets.xcassets; sourceTree = "<group>"; };
		A79E2B0C24117045005860D9 /* Base */ = {isa = PBXFileReference; lastKnownFileType = file.storyboard; name = Base; path = Base.lproj/LaunchScreen.storyboard; sourceTree = "<group>"; };
		A79E2B0E24117045005860D9 /* Info.plist */ = {isa = PBXFileReference; lastKnownFileType = text.plist.xml; path = Info.plist; sourceTree = "<group>"; };
		A79E2B1324117046005860D9 /* GeloouTests.xctest */ = {isa = PBXFileReference; explicitFileType = wrapper.cfbundle; includeInIndex = 0; path = GeloouTests.xctest; sourceTree = BUILT_PRODUCTS_DIR; };
		A79E2B1724117046005860D9 /* GeloouTests.swift */ = {isa = PBXFileReference; lastKnownFileType = sourcecode.swift; path = GeloouTests.swift; sourceTree = "<group>"; };
		A79E2B1924117046005860D9 /* Info.plist */ = {isa = PBXFileReference; lastKnownFileType = text.plist.xml; path = Info.plist; sourceTree = "<group>"; };
		AA0D141F2412CF7B007D071E /* InfoView.swift */ = {isa = PBXFileReference; lastKnownFileType = sourcecode.swift; path = InfoView.swift; sourceTree = "<group>"; };
		AA0D14212412D506007D071E /* InfoController.swift */ = {isa = PBXFileReference; lastKnownFileType = sourcecode.swift; path = InfoController.swift; sourceTree = "<group>"; };
		AA76B7332411823D000724B9 /* GeloouWatch.app */ = {isa = PBXFileReference; explicitFileType = wrapper.application; includeInIndex = 0; path = GeloouWatch.app; sourceTree = BUILT_PRODUCTS_DIR; };
		AA76B7362411823D000724B9 /* Base */ = {isa = PBXFileReference; lastKnownFileType = file.storyboard; name = Base; path = Base.lproj/Interface.storyboard; sourceTree = "<group>"; };
		AA76B7382411823E000724B9 /* Assets.xcassets */ = {isa = PBXFileReference; lastKnownFileType = folder.assetcatalog; path = Assets.xcassets; sourceTree = "<group>"; };
		AA76B73A2411823E000724B9 /* Info.plist */ = {isa = PBXFileReference; lastKnownFileType = text.plist.xml; path = Info.plist; sourceTree = "<group>"; };
		AA76B73F2411823E000724B9 /* GeloouWatch Extension.appex */ = {isa = PBXFileReference; explicitFileType = "wrapper.app-extension"; includeInIndex = 0; path = "GeloouWatch Extension.appex"; sourceTree = BUILT_PRODUCTS_DIR; };
		AA76B7442411823E000724B9 /* RingView.swift */ = {isa = PBXFileReference; lastKnownFileType = sourcecode.swift; path = RingView.swift; sourceTree = "<group>"; };
		AA76B7462411823E000724B9 /* HostingController.swift */ = {isa = PBXFileReference; lastKnownFileType = sourcecode.swift; path = HostingController.swift; sourceTree = "<group>"; };
		AA76B7482411823E000724B9 /* ExtensionDelegate.swift */ = {isa = PBXFileReference; lastKnownFileType = sourcecode.swift; path = ExtensionDelegate.swift; sourceTree = "<group>"; };
		AA76B74A2411823E000724B9 /* NotificationController.swift */ = {isa = PBXFileReference; lastKnownFileType = sourcecode.swift; path = NotificationController.swift; sourceTree = "<group>"; };
		AA76B74C2411823E000724B9 /* NotificationView.swift */ = {isa = PBXFileReference; lastKnownFileType = sourcecode.swift; path = NotificationView.swift; sourceTree = "<group>"; };
		AA76B74E2411823E000724B9 /* ComplicationController.swift */ = {isa = PBXFileReference; lastKnownFileType = sourcecode.swift; path = ComplicationController.swift; sourceTree = "<group>"; };
		AA76B7502411823F000724B9 /* Assets.xcassets */ = {isa = PBXFileReference; lastKnownFileType = folder.assetcatalog; path = Assets.xcassets; sourceTree = "<group>"; };
		AA76B7532411823F000724B9 /* Preview Assets.xcassets */ = {isa = PBXFileReference; lastKnownFileType = folder.assetcatalog; path = "Preview Assets.xcassets"; sourceTree = "<group>"; };
		AA76B7552411823F000724B9 /* Info.plist */ = {isa = PBXFileReference; lastKnownFileType = text.plist.xml; path = Info.plist; sourceTree = "<group>"; };
		AA76B7562411823F000724B9 /* PushNotificationPayload.apns */ = {isa = PBXFileReference; lastKnownFileType = text; path = PushNotificationPayload.apns; sourceTree = "<group>"; };
		AA76B7622411EFD8000724B9 /* RingShape.swift */ = {isa = PBXFileReference; lastKnownFileType = sourcecode.swift; path = RingShape.swift; sourceTree = "<group>"; };
		AAF377982416CCF60092E989 /* Model.swift */ = {isa = PBXFileReference; lastKnownFileType = sourcecode.swift; path = Model.swift; sourceTree = "<group>"; };
		A79E2B2224118B48005860D9 /* CircularProgressView.swift */ = {isa = PBXFileReference; lastKnownFileType = sourcecode.swift; path = CircularProgressView.swift; sourceTree = "<group>"; };
		AB0B3B5124117B0100B2168B /* Temperature.storyboard */ = {isa = PBXFileReference; lastKnownFileType = file.storyboard; path = Temperature.storyboard; sourceTree = "<group>"; };
		AB0B3B5324117B2000B2168B /* TemperatureViewViewController.swift */ = {isa = PBXFileReference; lastKnownFileType = sourcecode.swift; path = TemperatureViewViewController.swift; sourceTree = "<group>"; };
		ABBE4A012417FE8B009431DA /* ArduinoCommunicator.swift */ = {isa = PBXFileReference; lastKnownFileType = sourcecode.swift; path = ArduinoCommunicator.swift; sourceTree = "<group>"; };
		CF79182324168E820021F2A1 /* DrinksList.storyboard */ = {isa = PBXFileReference; lastKnownFileType = file.storyboard; path = DrinksList.storyboard; sourceTree = "<group>"; };
		CF79182524168E940021F2A1 /* DrinksListViewController.swift */ = {isa = PBXFileReference; lastKnownFileType = sourcecode.swift; path = DrinksListViewController.swift; sourceTree = "<group>"; };
		CF7918292416C6DC0021F2A1 /* DrinkTypeViewController.swift */ = {isa = PBXFileReference; lastKnownFileType = sourcecode.swift; path = DrinkTypeViewController.swift; sourceTree = "<group>"; };
/* End PBXFileReference section */

/* Begin PBXFrameworksBuildPhase section */
		A79E2AFA24117043005860D9 /* Frameworks */ = {
			isa = PBXFrameworksBuildPhase;
			buildActionMask = 2147483647;
			files = (
			);
			runOnlyForDeploymentPostprocessing = 0;
		};
		A79E2B1024117046005860D9 /* Frameworks */ = {
			isa = PBXFrameworksBuildPhase;
			buildActionMask = 2147483647;
			files = (
			);
			runOnlyForDeploymentPostprocessing = 0;
		};
		AA76B73C2411823E000724B9 /* Frameworks */ = {
			isa = PBXFrameworksBuildPhase;
			buildActionMask = 2147483647;
			files = (
			);
			runOnlyForDeploymentPostprocessing = 0;
		};
/* End PBXFrameworksBuildPhase section */

/* Begin PBXGroup section */
		A79E2AF424117043005860D9 = {
			isa = PBXGroup;
			children = (
				A79E2AFF24117043005860D9 /* Geloou */,
				A79E2B1624117046005860D9 /* GeloouTests */,
				AA76B7342411823D000724B9 /* GeloouWatch */,
				AA76B7432411823E000724B9 /* GeloouWatch Extension */,
				A79E2AFE24117043005860D9 /* Products */,
			);
			sourceTree = "<group>";
		};
		A79E2AFE24117043005860D9 /* Products */ = {
			isa = PBXGroup;
			children = (
				A79E2AFD24117043005860D9 /* Geloou.app */,
				A79E2B1324117046005860D9 /* GeloouTests.xctest */,
				AA76B7332411823D000724B9 /* GeloouWatch.app */,
				AA76B73F2411823E000724B9 /* GeloouWatch Extension.appex */,
			);
			name = Products;
			sourceTree = "<group>";
		};
		A79E2AFF24117043005860D9 /* Geloou */ = {
			isa = PBXGroup;
			children = (
				ABBE4A002417FE5B009431DA /* Arduino */,
				AB0B3B5024117AC900B2168B /* ThermometerScreen */,
				A79E2B0024117043005860D9 /* AppDelegate.swift */,
				A79E2B0224117043005860D9 /* SceneDelegate.swift */,
				A79E2B0424117043005860D9 /* ViewController.swift */,
				A79E2B0624117043005860D9 /* Main.storyboard */,
				CF79182324168E820021F2A1 /* DrinksList.storyboard */,
				1C38E34C2418175F00B02DEF /* DrinksListCell.swift */,
				CF79182524168E940021F2A1 /* DrinksListViewController.swift */,
				CF7918292416C6DC0021F2A1 /* DrinkTypeViewController.swift */,
				A79E2B0924117045005860D9 /* Assets.xcassets */,
				A79E2B0B24117045005860D9 /* LaunchScreen.storyboard */,
				A79E2B0E24117045005860D9 /* Info.plist */,
				A79E2B2224118B48005860D9 /* CircularProgressView.swift */,
				A767BC232411B71F0081CF66 /* BluetoothScreen.storyboard */,
				A767BC252411B8AC0081CF66 /* BluetoothConnectViewController.swift */,
				260525212412C96600B9AE0A /* DrinkListViewController.swift */,
			);
			path = Geloou;
			sourceTree = "<group>";
		};
		A79E2B1624117046005860D9 /* GeloouTests */ = {
			isa = PBXGroup;
			children = (
				A79E2B1724117046005860D9 /* GeloouTests.swift */,
				A79E2B1924117046005860D9 /* Info.plist */,
			);
			path = GeloouTests;
			sourceTree = "<group>";
		};
		AA76B7342411823D000724B9 /* GeloouWatch */ = {
			isa = PBXGroup;
			children = (
				AA76B7352411823D000724B9 /* Interface.storyboard */,
				AA76B7382411823E000724B9 /* Assets.xcassets */,
				AA76B73A2411823E000724B9 /* Info.plist */,
			);
			path = GeloouWatch;
			sourceTree = "<group>";
		};
		AA76B7432411823E000724B9 /* GeloouWatch Extension */ = {
			isa = PBXGroup;
			children = (
				AA76B7442411823E000724B9 /* RingView.swift */,
				AA76B7622411EFD8000724B9 /* RingShape.swift */,
				AA76B7462411823E000724B9 /* HostingController.swift */,
				AA0D141F2412CF7B007D071E /* InfoView.swift */,
				AA0D14212412D506007D071E /* InfoController.swift */,
				AA76B7482411823E000724B9 /* ExtensionDelegate.swift */,
				AA76B74A2411823E000724B9 /* NotificationController.swift */,
				AA76B74C2411823E000724B9 /* NotificationView.swift */,
				AA76B74E2411823E000724B9 /* ComplicationController.swift */,
				AA76B7502411823F000724B9 /* Assets.xcassets */,
				AA76B7552411823F000724B9 /* Info.plist */,
				AA76B7562411823F000724B9 /* PushNotificationPayload.apns */,
				AA76B7522411823F000724B9 /* Preview Content */,
				AAF377982416CCF60092E989 /* Model.swift */,
			);
			path = "GeloouWatch Extension";
			sourceTree = "<group>";
		};
		AA76B7522411823F000724B9 /* Preview Content */ = {
			isa = PBXGroup;
			children = (
				AA76B7532411823F000724B9 /* Preview Assets.xcassets */,
			);
			path = "Preview Content";
		AB0B3B5024117AC900B2168B /* ThermometerScreen */ = {
			isa = PBXGroup;
			children = (
				AB0B3B5124117B0100B2168B /* Temperature.storyboard */,
				AB0B3B5324117B2000B2168B /* TemperatureViewViewController.swift */,
			);
			path = ThermometerScreen;
			sourceTree = "<group>";
		};
		ABBE4A002417FE5B009431DA /* Arduino */ = {
			isa = PBXGroup;
			children = (
				ABBE4A012417FE8B009431DA /* ArduinoCommunicator.swift */,
			);
			path = Arduino;
			sourceTree = "<group>";
		};
/* End PBXGroup section */

/* Begin PBXNativeTarget section */
		A79E2AFC24117043005860D9 /* Geloou */ = {
			isa = PBXNativeTarget;
			buildConfigurationList = A79E2B1C24117046005860D9 /* Build configuration list for PBXNativeTarget "Geloou" */;
			buildPhases = (
				A79E2AF924117043005860D9 /* Sources */,
				A79E2AFA24117043005860D9 /* Frameworks */,
				A79E2AFB24117043005860D9 /* Resources */,
				AA76B7612411823F000724B9 /* Embed Watch Content */,
			);
			buildRules = (
			);
			dependencies = (
				AA76B7582411823F000724B9 /* PBXTargetDependency */,
			);
			name = Geloou;
			productName = Geloou;
			productReference = A79E2AFD24117043005860D9 /* Geloou.app */;
			productType = "com.apple.product-type.application";
		};
		A79E2B1224117046005860D9 /* GeloouTests */ = {
			isa = PBXNativeTarget;
			buildConfigurationList = A79E2B1F24117046005860D9 /* Build configuration list for PBXNativeTarget "GeloouTests" */;
			buildPhases = (
				A79E2B0F24117046005860D9 /* Sources */,
				A79E2B1024117046005860D9 /* Frameworks */,
				A79E2B1124117046005860D9 /* Resources */,
			);
			buildRules = (
			);
			dependencies = (
				A79E2B1524117046005860D9 /* PBXTargetDependency */,
			);
			name = GeloouTests;
			productName = GeloouTests;
			productReference = A79E2B1324117046005860D9 /* GeloouTests.xctest */;
			productType = "com.apple.product-type.bundle.unit-test";
		};
		AA76B7322411823D000724B9 /* GeloouWatch */ = {
			isa = PBXNativeTarget;
			buildConfigurationList = AA76B75E2411823F000724B9 /* Build configuration list for PBXNativeTarget "GeloouWatch" */;
			buildPhases = (
				AA76B7312411823D000724B9 /* Resources */,
				AA76B75D2411823F000724B9 /* Embed App Extensions */,
			);
			buildRules = (
			);
			dependencies = (
				AA76B7422411823E000724B9 /* PBXTargetDependency */,
			);
			name = GeloouWatch;
			productName = GeloouWatch;
			productReference = AA76B7332411823D000724B9 /* GeloouWatch.app */;
			productType = "com.apple.product-type.application.watchapp2";
		};
		AA76B73E2411823E000724B9 /* GeloouWatch Extension */ = {
			isa = PBXNativeTarget;
			buildConfigurationList = AA76B75A2411823F000724B9 /* Build configuration list for PBXNativeTarget "GeloouWatch Extension" */;
			buildPhases = (
				AA76B73B2411823E000724B9 /* Sources */,
				AA76B73C2411823E000724B9 /* Frameworks */,
				AA76B73D2411823E000724B9 /* Resources */,
			);
			buildRules = (
			);
			dependencies = (
			);
			name = "GeloouWatch Extension";
			productName = "GeloouWatch Extension";
			productReference = AA76B73F2411823E000724B9 /* GeloouWatch Extension.appex */;
			productType = "com.apple.product-type.watchkit2-extension";
		};
/* End PBXNativeTarget section */

/* Begin PBXProject section */
		A79E2AF524117043005860D9 /* Project object */ = {
			isa = PBXProject;
			attributes = {
				LastSwiftUpdateCheck = 1130;
				LastUpgradeCheck = 1120;
				ORGANIZATIONNAME = Academy;
				TargetAttributes = {
					A79E2AFC24117043005860D9 = {
						CreatedOnToolsVersion = 11.2.1;
					};
					A79E2B1224117046005860D9 = {
						CreatedOnToolsVersion = 11.2.1;
						TestTargetID = A79E2AFC24117043005860D9;
					};
					AA76B7322411823D000724B9 = {
						CreatedOnToolsVersion = 11.3.1;
					};
					AA76B73E2411823E000724B9 = {
						CreatedOnToolsVersion = 11.3.1;
					};
				};
			};
			buildConfigurationList = A79E2AF824117043005860D9 /* Build configuration list for PBXProject "Geloou" */;
			compatibilityVersion = "Xcode 9.3";
			developmentRegion = en;
			hasScannedForEncodings = 0;
			knownRegions = (
				en,
				Base,
			);
			mainGroup = A79E2AF424117043005860D9;
			productRefGroup = A79E2AFE24117043005860D9 /* Products */;
			projectDirPath = "";
			projectRoot = "";
			targets = (
				A79E2AFC24117043005860D9 /* Geloou */,
				A79E2B1224117046005860D9 /* GeloouTests */,
				AA76B7322411823D000724B9 /* GeloouWatch */,
				AA76B73E2411823E000724B9 /* GeloouWatch Extension */,
			);
		};
/* End PBXProject section */

/* Begin PBXResourcesBuildPhase section */
		A79E2AFB24117043005860D9 /* Resources */ = {
			isa = PBXResourcesBuildPhase;
			buildActionMask = 2147483647;
			files = (
				A79E2B0D24117045005860D9 /* LaunchScreen.storyboard in Resources */,
				A79E2B0A24117045005860D9 /* Assets.xcassets in Resources */,
				A79E2B0824117043005860D9 /* Main.storyboard in Resources */,
				CF79182424168E820021F2A1 /* DrinksList.storyboard in Resources */,
				A767BC242411B71F0081CF66 /* BluetoothScreen.storyboard in Resources */,
				AB0B3B5224117B0100B2168B /* Temperature.storyboard in Resources */,
			);
			runOnlyForDeploymentPostprocessing = 0;
		};
		A79E2B1124117046005860D9 /* Resources */ = {
			isa = PBXResourcesBuildPhase;
			buildActionMask = 2147483647;
			files = (
			);
			runOnlyForDeploymentPostprocessing = 0;
		};
		AA76B7312411823D000724B9 /* Resources */ = {
			isa = PBXResourcesBuildPhase;
			buildActionMask = 2147483647;
			files = (
				AA76B7392411823E000724B9 /* Assets.xcassets in Resources */,
				AA76B7372411823D000724B9 /* Interface.storyboard in Resources */,
			);
			runOnlyForDeploymentPostprocessing = 0;
		};
		AA76B73D2411823E000724B9 /* Resources */ = {
			isa = PBXResourcesBuildPhase;
			buildActionMask = 2147483647;
			files = (
				AA76B7542411823F000724B9 /* Preview Assets.xcassets in Resources */,
				AA76B7512411823F000724B9 /* Assets.xcassets in Resources */,
			);
			runOnlyForDeploymentPostprocessing = 0;
		};
/* End PBXResourcesBuildPhase section */

/* Begin PBXSourcesBuildPhase section */
		A79E2AF924117043005860D9 /* Sources */ = {
			isa = PBXSourcesBuildPhase;
			buildActionMask = 2147483647;
			files = (
				A767BC262411B8AC0081CF66 /* BluetoothConnectViewController.swift in Sources */,
				260525222412C96600B9AE0A /* DrinkListViewController.swift in Sources */,
				A79E2B0524117043005860D9 /* ViewController.swift in Sources */,
				1C38E34D2418175F00B02DEF /* DrinksListCell.swift in Sources */,
				ABBE4A022417FE8B009431DA /* ArduinoCommunicator.swift in Sources */,
				CF79182A2416C6DC0021F2A1 /* DrinkTypeViewController.swift in Sources */,
				A79E2B0124117043005860D9 /* AppDelegate.swift in Sources */,
				A79E2B2324118B48005860D9 /* CircularProgressView.swift in Sources */,
				AB0B3B5424117B2000B2168B /* TemperatureViewViewController.swift in Sources */,
				A79E2B0324117043005860D9 /* SceneDelegate.swift in Sources */,
				CF79182624168E940021F2A1 /* DrinksListViewController.swift in Sources */,
			);
			runOnlyForDeploymentPostprocessing = 0;
		};
		A79E2B0F24117046005860D9 /* Sources */ = {
			isa = PBXSourcesBuildPhase;
			buildActionMask = 2147483647;
			files = (
				A79E2B1824117046005860D9 /* GeloouTests.swift in Sources */,
			);
			runOnlyForDeploymentPostprocessing = 0;
		};
		AA76B73B2411823E000724B9 /* Sources */ = {
			isa = PBXSourcesBuildPhase;
			buildActionMask = 2147483647;
			files = (
				AA0D14202412CF7B007D071E /* InfoView.swift in Sources */,
				AA76B7472411823E000724B9 /* HostingController.swift in Sources */,
				AA0D14222412D506007D071E /* InfoController.swift in Sources */,
				AA76B7452411823E000724B9 /* RingView.swift in Sources */,
				AA76B74B2411823E000724B9 /* NotificationController.swift in Sources */,
				AAF377992416CCF60092E989 /* Model.swift in Sources */,
				AA76B7632411EFD8000724B9 /* RingShape.swift in Sources */,
				AA76B7492411823E000724B9 /* ExtensionDelegate.swift in Sources */,
				AA76B74D2411823E000724B9 /* NotificationView.swift in Sources */,
				AA76B74F2411823E000724B9 /* ComplicationController.swift in Sources */,
			);
			runOnlyForDeploymentPostprocessing = 0;
		};
/* End PBXSourcesBuildPhase section */

/* Begin PBXTargetDependency section */
		A79E2B1524117046005860D9 /* PBXTargetDependency */ = {
			isa = PBXTargetDependency;
			target = A79E2AFC24117043005860D9 /* Geloou */;
			targetProxy = A79E2B1424117046005860D9 /* PBXContainerItemProxy */;
		};
		AA76B7422411823E000724B9 /* PBXTargetDependency */ = {
			isa = PBXTargetDependency;
			target = AA76B73E2411823E000724B9 /* GeloouWatch Extension */;
			targetProxy = AA76B7412411823E000724B9 /* PBXContainerItemProxy */;
		};
		AA76B7582411823F000724B9 /* PBXTargetDependency */ = {
			isa = PBXTargetDependency;
			target = AA76B7322411823D000724B9 /* GeloouWatch */;
			targetProxy = AA76B7572411823F000724B9 /* PBXContainerItemProxy */;
		};
/* End PBXTargetDependency section */

/* Begin PBXVariantGroup section */
		A79E2B0624117043005860D9 /* Main.storyboard */ = {
			isa = PBXVariantGroup;
			children = (
				A79E2B0724117043005860D9 /* Base */,
			);
			name = Main.storyboard;
			sourceTree = "<group>";
		};
		A79E2B0B24117045005860D9 /* LaunchScreen.storyboard */ = {
			isa = PBXVariantGroup;
			children = (
				A79E2B0C24117045005860D9 /* Base */,
			);
			name = LaunchScreen.storyboard;
			sourceTree = "<group>";
		};
		AA76B7352411823D000724B9 /* Interface.storyboard */ = {
			isa = PBXVariantGroup;
			children = (
				AA76B7362411823D000724B9 /* Base */,
			);
			name = Interface.storyboard;
			sourceTree = "<group>";
		};
/* End PBXVariantGroup section */

/* Begin XCBuildConfiguration section */
		A79E2B1A24117046005860D9 /* Debug */ = {
			isa = XCBuildConfiguration;
			buildSettings = {
				ALWAYS_SEARCH_USER_PATHS = NO;
				CLANG_ANALYZER_NONNULL = YES;
				CLANG_ANALYZER_NUMBER_OBJECT_CONVERSION = YES_AGGRESSIVE;
				CLANG_CXX_LANGUAGE_STANDARD = "gnu++14";
				CLANG_CXX_LIBRARY = "libc++";
				CLANG_ENABLE_MODULES = YES;
				CLANG_ENABLE_OBJC_ARC = YES;
				CLANG_ENABLE_OBJC_WEAK = YES;
				CLANG_WARN_BLOCK_CAPTURE_AUTORELEASING = YES;
				CLANG_WARN_BOOL_CONVERSION = YES;
				CLANG_WARN_COMMA = YES;
				CLANG_WARN_CONSTANT_CONVERSION = YES;
				CLANG_WARN_DEPRECATED_OBJC_IMPLEMENTATIONS = YES;
				CLANG_WARN_DIRECT_OBJC_ISA_USAGE = YES_ERROR;
				CLANG_WARN_DOCUMENTATION_COMMENTS = YES;
				CLANG_WARN_EMPTY_BODY = YES;
				CLANG_WARN_ENUM_CONVERSION = YES;
				CLANG_WARN_INFINITE_RECURSION = YES;
				CLANG_WARN_INT_CONVERSION = YES;
				CLANG_WARN_NON_LITERAL_NULL_CONVERSION = YES;
				CLANG_WARN_OBJC_IMPLICIT_RETAIN_SELF = YES;
				CLANG_WARN_OBJC_LITERAL_CONVERSION = YES;
				CLANG_WARN_OBJC_ROOT_CLASS = YES_ERROR;
				CLANG_WARN_RANGE_LOOP_ANALYSIS = YES;
				CLANG_WARN_STRICT_PROTOTYPES = YES;
				CLANG_WARN_SUSPICIOUS_MOVE = YES;
				CLANG_WARN_UNGUARDED_AVAILABILITY = YES_AGGRESSIVE;
				CLANG_WARN_UNREACHABLE_CODE = YES;
				CLANG_WARN__DUPLICATE_METHOD_MATCH = YES;
				COPY_PHASE_STRIP = NO;
				DEBUG_INFORMATION_FORMAT = dwarf;
				ENABLE_STRICT_OBJC_MSGSEND = YES;
				ENABLE_TESTABILITY = YES;
				GCC_C_LANGUAGE_STANDARD = gnu11;
				GCC_DYNAMIC_NO_PIC = NO;
				GCC_NO_COMMON_BLOCKS = YES;
				GCC_OPTIMIZATION_LEVEL = 0;
				GCC_PREPROCESSOR_DEFINITIONS = (
					"DEBUG=1",
					"$(inherited)",
				);
				GCC_WARN_64_TO_32_BIT_CONVERSION = YES;
				GCC_WARN_ABOUT_RETURN_TYPE = YES_ERROR;
				GCC_WARN_UNDECLARED_SELECTOR = YES;
				GCC_WARN_UNINITIALIZED_AUTOS = YES_AGGRESSIVE;
				GCC_WARN_UNUSED_FUNCTION = YES;
				GCC_WARN_UNUSED_VARIABLE = YES;
				IPHONEOS_DEPLOYMENT_TARGET = 13.2;
				MTL_ENABLE_DEBUG_INFO = INCLUDE_SOURCE;
				MTL_FAST_MATH = YES;
				ONLY_ACTIVE_ARCH = YES;
				SDKROOT = iphoneos;
				SWIFT_ACTIVE_COMPILATION_CONDITIONS = DEBUG;
				SWIFT_OPTIMIZATION_LEVEL = "-Onone";
			};
			name = Debug;
		};
		A79E2B1B24117046005860D9 /* Release */ = {
			isa = XCBuildConfiguration;
			buildSettings = {
				ALWAYS_SEARCH_USER_PATHS = NO;
				CLANG_ANALYZER_NONNULL = YES;
				CLANG_ANALYZER_NUMBER_OBJECT_CONVERSION = YES_AGGRESSIVE;
				CLANG_CXX_LANGUAGE_STANDARD = "gnu++14";
				CLANG_CXX_LIBRARY = "libc++";
				CLANG_ENABLE_MODULES = YES;
				CLANG_ENABLE_OBJC_ARC = YES;
				CLANG_ENABLE_OBJC_WEAK = YES;
				CLANG_WARN_BLOCK_CAPTURE_AUTORELEASING = YES;
				CLANG_WARN_BOOL_CONVERSION = YES;
				CLANG_WARN_COMMA = YES;
				CLANG_WARN_CONSTANT_CONVERSION = YES;
				CLANG_WARN_DEPRECATED_OBJC_IMPLEMENTATIONS = YES;
				CLANG_WARN_DIRECT_OBJC_ISA_USAGE = YES_ERROR;
				CLANG_WARN_DOCUMENTATION_COMMENTS = YES;
				CLANG_WARN_EMPTY_BODY = YES;
				CLANG_WARN_ENUM_CONVERSION = YES;
				CLANG_WARN_INFINITE_RECURSION = YES;
				CLANG_WARN_INT_CONVERSION = YES;
				CLANG_WARN_NON_LITERAL_NULL_CONVERSION = YES;
				CLANG_WARN_OBJC_IMPLICIT_RETAIN_SELF = YES;
				CLANG_WARN_OBJC_LITERAL_CONVERSION = YES;
				CLANG_WARN_OBJC_ROOT_CLASS = YES_ERROR;
				CLANG_WARN_RANGE_LOOP_ANALYSIS = YES;
				CLANG_WARN_STRICT_PROTOTYPES = YES;
				CLANG_WARN_SUSPICIOUS_MOVE = YES;
				CLANG_WARN_UNGUARDED_AVAILABILITY = YES_AGGRESSIVE;
				CLANG_WARN_UNREACHABLE_CODE = YES;
				CLANG_WARN__DUPLICATE_METHOD_MATCH = YES;
				COPY_PHASE_STRIP = NO;
				DEBUG_INFORMATION_FORMAT = "dwarf-with-dsym";
				ENABLE_NS_ASSERTIONS = NO;
				ENABLE_STRICT_OBJC_MSGSEND = YES;
				GCC_C_LANGUAGE_STANDARD = gnu11;
				GCC_NO_COMMON_BLOCKS = YES;
				GCC_WARN_64_TO_32_BIT_CONVERSION = YES;
				GCC_WARN_ABOUT_RETURN_TYPE = YES_ERROR;
				GCC_WARN_UNDECLARED_SELECTOR = YES;
				GCC_WARN_UNINITIALIZED_AUTOS = YES_AGGRESSIVE;
				GCC_WARN_UNUSED_FUNCTION = YES;
				GCC_WARN_UNUSED_VARIABLE = YES;
				IPHONEOS_DEPLOYMENT_TARGET = 13.2;
				MTL_ENABLE_DEBUG_INFO = NO;
				MTL_FAST_MATH = YES;
				SDKROOT = iphoneos;
				SWIFT_COMPILATION_MODE = wholemodule;
				SWIFT_OPTIMIZATION_LEVEL = "-O";
				VALIDATE_PRODUCT = YES;
			};
			name = Release;
		};
		A79E2B1D24117046005860D9 /* Debug */ = {
			isa = XCBuildConfiguration;
			buildSettings = {
				ASSETCATALOG_COMPILER_APPICON_NAME = AppIcon;
				CODE_SIGN_STYLE = Automatic;
				DEVELOPMENT_TEAM = A4YYTD745K;
				INFOPLIST_FILE = Geloou/Info.plist;
				LD_RUNPATH_SEARCH_PATHS = (
					"$(inherited)",
					"@executable_path/Frameworks",
				);
				PRODUCT_BUNDLE_IDENTIFIER = academy.Geloou1;
				PRODUCT_NAME = "$(TARGET_NAME)";
				SWIFT_VERSION = 5.0;
				TARGETED_DEVICE_FAMILY = "1,2";
			};
			name = Debug;
		};
		A79E2B1E24117046005860D9 /* Release */ = {
			isa = XCBuildConfiguration;
			buildSettings = {
				ASSETCATALOG_COMPILER_APPICON_NAME = AppIcon;
				CODE_SIGN_STYLE = Automatic;
				DEVELOPMENT_TEAM = A4YYTD745K;
				INFOPLIST_FILE = Geloou/Info.plist;
				LD_RUNPATH_SEARCH_PATHS = (
					"$(inherited)",
					"@executable_path/Frameworks",
				);
				PRODUCT_BUNDLE_IDENTIFIER = academy.Geloou1;
				PRODUCT_NAME = "$(TARGET_NAME)";
				SWIFT_VERSION = 5.0;
				TARGETED_DEVICE_FAMILY = "1,2";
			};
			name = Release;
		};
		A79E2B2024117046005860D9 /* Debug */ = {
			isa = XCBuildConfiguration;
			buildSettings = {
				ALWAYS_EMBED_SWIFT_STANDARD_LIBRARIES = YES;
				BUNDLE_LOADER = "$(TEST_HOST)";
				CODE_SIGN_STYLE = Automatic;
				DEVELOPMENT_TEAM = F229TZ6SP5;
				INFOPLIST_FILE = GeloouTests/Info.plist;
				IPHONEOS_DEPLOYMENT_TARGET = 13.2;
				LD_RUNPATH_SEARCH_PATHS = (
					"$(inherited)",
					"@executable_path/Frameworks",
					"@loader_path/Frameworks",
				);
				PRODUCT_BUNDLE_IDENTIFIER = academy.GeloouTests;
				PRODUCT_NAME = "$(TARGET_NAME)";
				SWIFT_VERSION = 5.0;
				TARGETED_DEVICE_FAMILY = "1,2";
				TEST_HOST = "$(BUILT_PRODUCTS_DIR)/Geloou.app/Geloou";
			};
			name = Debug;
		};
		A79E2B2124117046005860D9 /* Release */ = {
			isa = XCBuildConfiguration;
			buildSettings = {
				ALWAYS_EMBED_SWIFT_STANDARD_LIBRARIES = YES;
				BUNDLE_LOADER = "$(TEST_HOST)";
				CODE_SIGN_STYLE = Automatic;
				DEVELOPMENT_TEAM = F229TZ6SP5;
				INFOPLIST_FILE = GeloouTests/Info.plist;
				IPHONEOS_DEPLOYMENT_TARGET = 13.2;
				LD_RUNPATH_SEARCH_PATHS = (
					"$(inherited)",
					"@executable_path/Frameworks",
					"@loader_path/Frameworks",
				);
				PRODUCT_BUNDLE_IDENTIFIER = academy.GeloouTests;
				PRODUCT_NAME = "$(TARGET_NAME)";
				SWIFT_VERSION = 5.0;
				TARGETED_DEVICE_FAMILY = "1,2";
				TEST_HOST = "$(BUILT_PRODUCTS_DIR)/Geloou.app/Geloou";
			};
			name = Release;
		};
		AA76B75B2411823F000724B9 /* Debug */ = {
			isa = XCBuildConfiguration;
			buildSettings = {
				ASSETCATALOG_COMPILER_COMPLICATION_NAME = Complication;
				CODE_SIGN_STYLE = Automatic;
				DEVELOPMENT_ASSET_PATHS = "\"GeloouWatch Extension/Preview Content\"";
				DEVELOPMENT_TEAM = V4HVD5P383;
				ENABLE_PREVIEWS = YES;
				INFOPLIST_FILE = "GeloouWatch Extension/Info.plist";
				LD_RUNPATH_SEARCH_PATHS = (
					"$(inherited)",
					"@executable_path/Frameworks",
					"@executable_path/../../Frameworks",
				);
				PRODUCT_BUNDLE_IDENTIFIER = academy.Geloou.watchkitapp.watchkitextension;
				PRODUCT_NAME = "${TARGET_NAME}";
				SDKROOT = watchos;
				SKIP_INSTALL = YES;
				SWIFT_VERSION = 5.0;
				TARGETED_DEVICE_FAMILY = 4;
				WATCHOS_DEPLOYMENT_TARGET = 6.1;
			};
			name = Debug;
		};
		AA76B75C2411823F000724B9 /* Release */ = {
			isa = XCBuildConfiguration;
			buildSettings = {
				ASSETCATALOG_COMPILER_COMPLICATION_NAME = Complication;
				CODE_SIGN_STYLE = Automatic;
				DEVELOPMENT_ASSET_PATHS = "\"GeloouWatch Extension/Preview Content\"";
				DEVELOPMENT_TEAM = V4HVD5P383;
				ENABLE_PREVIEWS = YES;
				INFOPLIST_FILE = "GeloouWatch Extension/Info.plist";
				LD_RUNPATH_SEARCH_PATHS = (
					"$(inherited)",
					"@executable_path/Frameworks",
					"@executable_path/../../Frameworks",
				);
				PRODUCT_BUNDLE_IDENTIFIER = academy.Geloou.watchkitapp.watchkitextension;
				PRODUCT_NAME = "${TARGET_NAME}";
				SDKROOT = watchos;
				SKIP_INSTALL = YES;
				SWIFT_VERSION = 5.0;
				TARGETED_DEVICE_FAMILY = 4;
				WATCHOS_DEPLOYMENT_TARGET = 6.1;
			};
			name = Release;
		};
		AA76B75F2411823F000724B9 /* Debug */ = {
			isa = XCBuildConfiguration;
			buildSettings = {
				ALWAYS_EMBED_SWIFT_STANDARD_LIBRARIES = YES;
				ASSETCATALOG_COMPILER_APPICON_NAME = AppIcon;
				CODE_SIGN_STYLE = Automatic;
				DEVELOPMENT_TEAM = V4HVD5P383;
				IBSC_MODULE = GeloouWatch_Extension;
				INFOPLIST_FILE = GeloouWatch/Info.plist;
				PRODUCT_BUNDLE_IDENTIFIER = academy.Geloou.watchkitapp;
				PRODUCT_NAME = "$(TARGET_NAME)";
				SDKROOT = watchos;
				SKIP_INSTALL = YES;
				SWIFT_VERSION = 5.0;
				TARGETED_DEVICE_FAMILY = 4;
				WATCHOS_DEPLOYMENT_TARGET = 6.1;
			};
			name = Debug;
		};
		AA76B7602411823F000724B9 /* Release */ = {
			isa = XCBuildConfiguration;
			buildSettings = {
				ALWAYS_EMBED_SWIFT_STANDARD_LIBRARIES = YES;
				ASSETCATALOG_COMPILER_APPICON_NAME = AppIcon;
				CODE_SIGN_STYLE = Automatic;
				DEVELOPMENT_TEAM = V4HVD5P383;
				IBSC_MODULE = GeloouWatch_Extension;
				INFOPLIST_FILE = GeloouWatch/Info.plist;
				PRODUCT_BUNDLE_IDENTIFIER = academy.Geloou.watchkitapp;
				PRODUCT_NAME = "$(TARGET_NAME)";
				SDKROOT = watchos;
				SKIP_INSTALL = YES;
				SWIFT_VERSION = 5.0;
				TARGETED_DEVICE_FAMILY = 4;
				WATCHOS_DEPLOYMENT_TARGET = 6.1;
			};
			name = Release;
		};
/* End XCBuildConfiguration section */

/* Begin XCConfigurationList section */
		A79E2AF824117043005860D9 /* Build configuration list for PBXProject "Geloou" */ = {
			isa = XCConfigurationList;
			buildConfigurations = (
				A79E2B1A24117046005860D9 /* Debug */,
				A79E2B1B24117046005860D9 /* Release */,
			);
			defaultConfigurationIsVisible = 0;
			defaultConfigurationName = Release;
		};
		A79E2B1C24117046005860D9 /* Build configuration list for PBXNativeTarget "Geloou" */ = {
			isa = XCConfigurationList;
			buildConfigurations = (
				A79E2B1D24117046005860D9 /* Debug */,
				A79E2B1E24117046005860D9 /* Release */,
			);
			defaultConfigurationIsVisible = 0;
			defaultConfigurationName = Release;
		};
		A79E2B1F24117046005860D9 /* Build configuration list for PBXNativeTarget "GeloouTests" */ = {
			isa = XCConfigurationList;
			buildConfigurations = (
				A79E2B2024117046005860D9 /* Debug */,
				A79E2B2124117046005860D9 /* Release */,
			);
			defaultConfigurationIsVisible = 0;
			defaultConfigurationName = Release;
		};
		AA76B75A2411823F000724B9 /* Build configuration list for PBXNativeTarget "GeloouWatch Extension" */ = {
			isa = XCConfigurationList;
			buildConfigurations = (
				AA76B75B2411823F000724B9 /* Debug */,
				AA76B75C2411823F000724B9 /* Release */,
			);
			defaultConfigurationIsVisible = 0;
			defaultConfigurationName = Release;
		};
		AA76B75E2411823F000724B9 /* Build configuration list for PBXNativeTarget "GeloouWatch" */ = {
			isa = XCConfigurationList;
			buildConfigurations = (
				AA76B75F2411823F000724B9 /* Debug */,
				AA76B7602411823F000724B9 /* Release */,
			);
			defaultConfigurationIsVisible = 0;
			defaultConfigurationName = Release;
		};
/* End XCConfigurationList section */
	};
	rootObject = A79E2AF524117043005860D9 /* Project object */;
}
